
Microsoft Visual Studio Solution File, Format Version 12.00
# Visual Studio Version 17
VisualStudioVersion = 17.3.32825.248
MinimumVisualStudioVersion = 10.0.40219.1
Project("{9A19103F-16F7-4668-BE54-9A1E7A4F7556}") = "OdeToFood", "OdeToFood\OdeToFood.csproj", "{02B87713-F292-44D1-8C69-8A7DFC020153}"
EndProject
Project("{9A19103F-16F7-4668-BE54-9A1E7A4F7556}") = "OdeToFood.Core", "OdeToFood.Core\OdeToFood.Core.csproj", "{3F51F1EA-C3C5-4BDA-8AE9-C6052DF08EA0}"
EndProject
Project("{9A19103F-16F7-4668-BE54-9A1E7A4F7556}") = "OdeToFood.Data", "OdeToFood.Data\OdeToFood.Data.csproj", "{D3F86789-7ABA-4E1D-8984-7242B927B87D}"
EndProject
Global
	GlobalSection(SolutionConfigurationPlatforms) = preSolution
		Debug|Any CPU = Debug|Any CPU
		Release|Any CPU = Release|Any CPU
	EndGlobalSection
	GlobalSection(ProjectConfigurationPlatforms) = postSolution
		{02B87713-F292-44D1-8C69-8A7DFC020153}.Debug|Any CPU.ActiveCfg = Debug|Any CPU
		{02B87713-F292-44D1-8C69-8A7DFC020153}.Debug|Any CPU.Build.0 = Debug|Any CPU
		{02B87713-F292-44D1-8C69-8A7DFC020153}.Release|Any CPU.ActiveCfg = Release|Any CPU
		{02B87713-F292-44D1-8C69-8A7DFC020153}.Release|Any CPU.Build.0 = Release|Any CPU
		{3F51F1EA-C3C5-4BDA-8AE9-C6052DF08EA0}.Debug|Any CPU.ActiveCfg = Debug|Any CPU
		{3F51F1EA-C3C5-4BDA-8AE9-C6052DF08EA0}.Debug|Any CPU.Build.0 = Debug|Any CPU
		{3F51F1EA-C3C5-4BDA-8AE9-C6052DF08EA0}.Release|Any CPU.ActiveCfg = Release|Any CPU
		{3F51F1EA-C3C5-4BDA-8AE9-C6052DF08EA0}.Release|Any CPU.Build.0 = Release|Any CPU
		{D3F86789-7ABA-4E1D-8984-7242B927B87D}.Debug|Any CPU.ActiveCfg = Debug|Any CPU
		{D3F86789-7ABA-4E1D-8984-7242B927B87D}.Debug|Any CPU.Build.0 = Debug|Any CPU
		{D3F86789-7ABA-4E1D-8984-7242B927B87D}.Release|Any CPU.ActiveCfg = Release|Any CPU
		{D3F86789-7ABA-4E1D-8984-7242B927B87D}.Release|Any CPU.Build.0 = Release|Any CPU
	EndGlobalSection
	GlobalSection(SolutionProperties) = preSolution
		HideSolutionNode = FALSE
	EndGlobalSection
	GlobalSection(ExtensibilityGlobals) = postSolution
		SolutionGuid = {32F0215E-E4F5-4C68-A301-FE4809DEB5A5}
	EndGlobalSection
EndGlobal
